{
  "object": {
    "pins": [
      {
        "package": "AsyncImage",
        "repositoryURL": "https://github.com/Eyesofbanquo/AsyncImage",
        "state": {
          "branch": "master",
          "revision": "163a7a4d53f32152f574717f9d8b4b40adef0b9a",
          "version": null
        }
      },
      {
        "package": "KeychainAccess",
        "repositoryURL": "https://github.com/kishikawakatsumi/KeychainAccess",
        "state": {
          "branch": null,
          "revision": "b920ad7df3c73189dcdd4aa05c540849b2010dbf",
          "version": "4.1.0"
        }
      },
      {
        "package": "OAuth2",
        "repositoryURL": "https://github.com/p2/Oauth2",
        "state": {
          "branch": null,
          "revision": "b0c71466176f3d7a22e5da20532c01d78a661f1d",
          "version": "5.2.0"
        }
      }
    ]
  },
  "version": 1
}
