// !$*UTF8*$!
{
	archiveVersion = 1;
	classes = {
	};
	objectVersion = 52;
	objects = {

/* Begin PBXBuildFile section */
		330B520F24F11ABA000D8BAA /* AsyncImage in Frameworks */ = {isa = PBXBuildFile; productRef = 330B520E24F11ABA000D8BAA /* AsyncImage */; };
		330B521124F1261D000D8BAA /* ListSeparatorStyleNoneModifier.swift in Sources */ = {isa = PBXBuildFile; fileRef = 330B521024F1261D000D8BAA /* ListSeparatorStyleNoneModifier.swift */; };
		33384D8324FAD8D300F0266A /* SelectedImageView.swift in Sources */ = {isa = PBXBuildFile; fileRef = 33384D8224FAD8D300F0266A /* SelectedImageView.swift */; };
		3340A7A324FC001E003FD9F9 /* Alamofire in Frameworks */ = {isa = PBXBuildFile; productRef = 3340A7A224FC001E003FD9F9 /* Alamofire */; };
		3340A7A524FC0026003FD9F9 /* Alamofire in Frameworks */ = {isa = PBXBuildFile; productRef = 3340A7A424FC0026003FD9F9 /* Alamofire */; };
		3340A7A624FC0597003FD9F9 /* Assets.xcassets in Resources */ = {isa = PBXBuildFile; fileRef = D50E9D1424501FF9006F0E9A /* Assets.xcassets */; };
		3340A7A824FC1E7D003FD9F9 /* ImageResponse.swift in Sources */ = {isa = PBXBuildFile; fileRef = 3340A7A724FC1E7D003FD9F9 /* ImageResponse.swift */; };
		3340A7A924FC1E84003FD9F9 /* ImageResponse.swift in Sources */ = {isa = PBXBuildFile; fileRef = 3340A7A724FC1E7D003FD9F9 /* ImageResponse.swift */; };
		3340A7AB24FC3427003FD9F9 /* CloudKit.framework in Frameworks */ = {isa = PBXBuildFile; fileRef = 3340A7AA24FC3427003FD9F9 /* CloudKit.framework */; };
		3340A7AD24FC5B6E003FD9F9 /* Cloud.swift in Sources */ = {isa = PBXBuildFile; fileRef = 3340A7AC24FC5B6E003FD9F9 /* Cloud.swift */; };
		3340A7AE24FC5B6E003FD9F9 /* Cloud.swift in Sources */ = {isa = PBXBuildFile; fileRef = 3340A7AC24FC5B6E003FD9F9 /* Cloud.swift */; };
		334F0D3624F56C9B003EB8EF /* UIApplication+.swift in Sources */ = {isa = PBXBuildFile; fileRef = 334F0D3524F56C9B003EB8EF /* UIApplication+.swift */; };
		33518E2624F2E6E3005320D8 /* Grid.swift in Sources */ = {isa = PBXBuildFile; fileRef = 33518E2524F2E6E3005320D8 /* Grid.swift */; };
		33518E2924F36820005320D8 /* SqueezeNet.mlmodel in Sources */ = {isa = PBXBuildFile; fileRef = 33518E2824F36820005320D8 /* SqueezeNet.mlmodel */; };
		33518E2B24F36854005320D8 /* Vision.swift in Sources */ = {isa = PBXBuildFile; fileRef = 33518E2A24F36854005320D8 /* Vision.swift */; };
		33518E2E24F36C95005320D8 /* AsyncImage.swift in Sources */ = {isa = PBXBuildFile; fileRef = 33518E2D24F36C95005320D8 /* AsyncImage.swift */; };
		33518E3024F36C9F005320D8 /* ImageCacheable.swift in Sources */ = {isa = PBXBuildFile; fileRef = 33518E2F24F36C9F005320D8 /* ImageCacheable.swift */; };
		33518E3224F36CA4005320D8 /* ImageLoader.swift in Sources */ = {isa = PBXBuildFile; fileRef = 33518E3124F36CA4005320D8 /* ImageLoader.swift */; };
		33518E3424F36CA8005320D8 /* TempImageCache.swift in Sources */ = {isa = PBXBuildFile; fileRef = 33518E3324F36CA8005320D8 /* TempImageCache.swift */; };
		3355E49024F3819A006B227F /* ImagePicker.swift in Sources */ = {isa = PBXBuildFile; fileRef = 3355E48F24F3819A006B227F /* ImagePicker.swift */; };
		3355E49224F4DBBA006B227F /* Profile.swift in Sources */ = {isa = PBXBuildFile; fileRef = 3355E49124F4DBBA006B227F /* Profile.swift */; };
		3355E49424F4DDE3006B227F /* User.swift in Sources */ = {isa = PBXBuildFile; fileRef = 3355E49324F4DDE3006B227F /* User.swift */; };
		3355E49624F4EE94006B227F /* Gyazo.swift in Sources */ = {isa = PBXBuildFile; fileRef = 3355E49524F4EE94006B227F /* Gyazo.swift */; };
		33865BFD24F1BC14003B3937 /* DashboardCell.swift in Sources */ = {isa = PBXBuildFile; fileRef = 33865BFC24F1BC14003B3937 /* DashboardCell.swift */; };
		33865BFF24F2119F003B3937 /* SearchBar.swift in Sources */ = {isa = PBXBuildFile; fileRef = 33865BFE24F2119F003B3937 /* SearchBar.swift */; };
		338CC82B24F9999100B628AB /* DashboardDetailView.swift in Sources */ = {isa = PBXBuildFile; fileRef = 338CC82A24F9999100B628AB /* DashboardDetailView.swift */; };
		338CC82D24F9B95300B628AB /* StretchyImageModifier.swift in Sources */ = {isa = PBXBuildFile; fileRef = 338CC82C24F9B95300B628AB /* StretchyImageModifier.swift */; };
		338CC82F24F9BCF200B628AB /* DateFormat.swift in Sources */ = {isa = PBXBuildFile; fileRef = 338CC82E24F9BCF200B628AB /* DateFormat.swift */; };
		338CC83124FA1F7E00B628AB /* BlurView.swift in Sources */ = {isa = PBXBuildFile; fileRef = 338CC83024FA1F7E00B628AB /* BlurView.swift */; };
		33979B7D24F5E02A0013B81F /* App.swift in Sources */ = {isa = PBXBuildFile; fileRef = 33979B7C24F5E02A0013B81F /* App.swift */; };
		33B496DA24FAE27900B0DED2 /* ShareView.swift in Sources */ = {isa = PBXBuildFile; fileRef = 33B496D924FAE27900B0DED2 /* ShareView.swift */; };
		33D623FC24F597170051C3D7 /* UploadOptions.swift in Sources */ = {isa = PBXBuildFile; fileRef = 33D623FB24F597170051C3D7 /* UploadOptions.swift */; };
		33DE872C24FB3A8600DFEB85 /* ShareViewController.swift in Sources */ = {isa = PBXBuildFile; fileRef = 33DE872B24FB3A8600DFEB85 /* ShareViewController.swift */; };
		33DE872F24FB3A8600DFEB85 /* MainInterface.storyboard in Resources */ = {isa = PBXBuildFile; fileRef = 33DE872D24FB3A8600DFEB85 /* MainInterface.storyboard */; };
		33DE873324FB3A8600DFEB85 /* GilmoShareExtension.appex in Embed App Extensions */ = {isa = PBXBuildFile; fileRef = 33DE872924FB3A8600DFEB85 /* GilmoShareExtension.appex */; settings = {ATTRIBUTES = (RemoveHeadersOnCopy, ); }; };
		33DE873924FB412700DFEB85 /* ShareView.swift in Sources */ = {isa = PBXBuildFile; fileRef = 33DE873824FB412700DFEB85 /* ShareView.swift */; };
		33DE873E24FB491C00DFEB85 /* Secure.swift in Sources */ = {isa = PBXBuildFile; fileRef = D50E9D4224535901006F0E9A /* Secure.swift */; };
		33DE874024FB492400DFEB85 /* KeychainAccess in Frameworks */ = {isa = PBXBuildFile; productRef = 33DE873F24FB492400DFEB85 /* KeychainAccess */; };
		33DE874324FB5E8700DFEB85 /* Network.swift in Sources */ = {isa = PBXBuildFile; fileRef = D50E9D32245024E9006F0E9A /* Network.swift */; };
		33DE874424FB5E8F00DFEB85 /* Gyazo.swift in Sources */ = {isa = PBXBuildFile; fileRef = 3355E49524F4EE94006B227F /* Gyazo.swift */; };
		33DE874524FB600D00DFEB85 /* Drop.swift in Sources */ = {isa = PBXBuildFile; fileRef = D50E9D502453AC9A006F0E9A /* Drop.swift */; };
		D50E9D1324501FF6006F0E9A /* ContentView.swift in Sources */ = {isa = PBXBuildFile; fileRef = D50E9D1224501FF6006F0E9A /* ContentView.swift */; };
		D50E9D1524501FF9006F0E9A /* Assets.xcassets in Resources */ = {isa = PBXBuildFile; fileRef = D50E9D1424501FF9006F0E9A /* Assets.xcassets */; };
		D50E9D1824501FF9006F0E9A /* Preview Assets.xcassets in Resources */ = {isa = PBXBuildFile; fileRef = D50E9D1724501FF9006F0E9A /* Preview Assets.xcassets */; };
		D50E9D2624501FF9006F0E9A /* GyazoTests.swift in Sources */ = {isa = PBXBuildFile; fileRef = D50E9D2524501FF9006F0E9A /* GyazoTests.swift */; };
		D50E9D312450203D006F0E9A /* API.swift in Sources */ = {isa = PBXBuildFile; fileRef = D50E9D302450203D006F0E9A /* API.swift */; };
		D50E9D33245024E9006F0E9A /* Network.swift in Sources */ = {isa = PBXBuildFile; fileRef = D50E9D32245024E9006F0E9A /* Network.swift */; };
		D50E9D362451D4F0006F0E9A /* OAuth2 in Frameworks */ = {isa = PBXBuildFile; productRef = D50E9D352451D4F0006F0E9A /* OAuth2 */; };
		D50E9D3824521B58006F0E9A /* OAuth.swift in Sources */ = {isa = PBXBuildFile; fileRef = D50E9D3724521B58006F0E9A /* OAuth.swift */; };
		D50E9D3C245278E4006F0E9A /* LoginInterceptViewController.swift in Sources */ = {isa = PBXBuildFile; fileRef = D50E9D3B245278E4006F0E9A /* LoginInterceptViewController.swift */; };
		D50E9D3E245278F1006F0E9A /* LoginIntercept.swift in Sources */ = {isa = PBXBuildFile; fileRef = D50E9D3D245278F1006F0E9A /* LoginIntercept.swift */; };
		D50E9D41245358E7006F0E9A /* KeychainAccess in Frameworks */ = {isa = PBXBuildFile; productRef = D50E9D40245358E7006F0E9A /* KeychainAccess */; };
		D50E9D4324535901006F0E9A /* Secure.swift in Sources */ = {isa = PBXBuildFile; fileRef = D50E9D4224535901006F0E9A /* Secure.swift */; };
		D50E9D4524535DFA006F0E9A /* LoginView.swift in Sources */ = {isa = PBXBuildFile; fileRef = D50E9D4424535DFA006F0E9A /* LoginView.swift */; };
		D50E9D47245364B8006F0E9A /* UserSettings.swift in Sources */ = {isa = PBXBuildFile; fileRef = D50E9D46245364B8006F0E9A /* UserSettings.swift */; };
		D50E9D4C2453AC10006F0E9A /* image.json in Resources */ = {isa = PBXBuildFile; fileRef = D50E9D4B2453AC10006F0E9A /* image.json */; };
		D50E9D4E2453AC1F006F0E9A /* images.json in Resources */ = {isa = PBXBuildFile; fileRef = D50E9D4D2453AC1F006F0E9A /* images.json */; };
		D50E9D512453AC9A006F0E9A /* Drop.swift in Sources */ = {isa = PBXBuildFile; fileRef = D50E9D502453AC9A006F0E9A /* Drop.swift */; };
/* End PBXBuildFile section */

/* Begin PBXContainerItemProxy section */
		33DE873124FB3A8600DFEB85 /* PBXContainerItemProxy */ = {
			isa = PBXContainerItemProxy;
			containerPortal = D50E9D0324501FF6006F0E9A /* Project object */;
			proxyType = 1;
			remoteGlobalIDString = 33DE872824FB3A8600DFEB85;
			remoteInfo = GilmoShareExtension;
		};
		D50E9D2224501FF9006F0E9A /* PBXContainerItemProxy */ = {
			isa = PBXContainerItemProxy;
			containerPortal = D50E9D0324501FF6006F0E9A /* Project object */;
			proxyType = 1;
			remoteGlobalIDString = D50E9D0A24501FF6006F0E9A;
			remoteInfo = Gyazo;
		};
/* End PBXContainerItemProxy section */

/* Begin PBXCopyFilesBuildPhase section */
		33DE873424FB3A8600DFEB85 /* Embed App Extensions */ = {
			isa = PBXCopyFilesBuildPhase;
			buildActionMask = 2147483647;
			dstPath = "";
			dstSubfolderSpec = 13;
			files = (
				33DE873324FB3A8600DFEB85 /* GilmoShareExtension.appex in Embed App Extensions */,
			);
			name = "Embed App Extensions";
			runOnlyForDeploymentPostprocessing = 0;
		};
/* End PBXCopyFilesBuildPhase section */

/* Begin PBXFileReference section */
		330B521024F1261D000D8BAA /* ListSeparatorStyleNoneModifier.swift */ = {isa = PBXFileReference; lastKnownFileType = sourcecode.swift; path = ListSeparatorStyleNoneModifier.swift; sourceTree = "<group>"; };
		33384D8224FAD8D300F0266A /* SelectedImageView.swift */ = {isa = PBXFileReference; lastKnownFileType = sourcecode.swift; path = SelectedImageView.swift; sourceTree = "<group>"; };
		3340A7A724FC1E7D003FD9F9 /* ImageResponse.swift */ = {isa = PBXFileReference; lastKnownFileType = sourcecode.swift; path = ImageResponse.swift; sourceTree = "<group>"; };
		3340A7AA24FC3427003FD9F9 /* CloudKit.framework */ = {isa = PBXFileReference; lastKnownFileType = wrapper.framework; name = CloudKit.framework; path = System/Library/Frameworks/CloudKit.framework; sourceTree = SDKROOT; };
		3340A7AC24FC5B6E003FD9F9 /* Cloud.swift */ = {isa = PBXFileReference; lastKnownFileType = sourcecode.swift; path = Cloud.swift; sourceTree = "<group>"; };
		334F0D3524F56C9B003EB8EF /* UIApplication+.swift */ = {isa = PBXFileReference; lastKnownFileType = sourcecode.swift; path = "UIApplication+.swift"; sourceTree = "<group>"; };
		33518E2524F2E6E3005320D8 /* Grid.swift */ = {isa = PBXFileReference; lastKnownFileType = sourcecode.swift; path = Grid.swift; sourceTree = "<group>"; };
		33518E2824F36820005320D8 /* SqueezeNet.mlmodel */ = {isa = PBXFileReference; lastKnownFileType = file.mlmodel; path = SqueezeNet.mlmodel; sourceTree = "<group>"; };
		33518E2A24F36854005320D8 /* Vision.swift */ = {isa = PBXFileReference; lastKnownFileType = sourcecode.swift; path = Vision.swift; sourceTree = "<group>"; };
		33518E2D24F36C95005320D8 /* AsyncImage.swift */ = {isa = PBXFileReference; lastKnownFileType = sourcecode.swift; path = AsyncImage.swift; sourceTree = "<group>"; };
		33518E2F24F36C9F005320D8 /* ImageCacheable.swift */ = {isa = PBXFileReference; lastKnownFileType = sourcecode.swift; path = ImageCacheable.swift; sourceTree = "<group>"; };
		33518E3124F36CA4005320D8 /* ImageLoader.swift */ = {isa = PBXFileReference; lastKnownFileType = sourcecode.swift; path = ImageLoader.swift; sourceTree = "<group>"; };
		33518E3324F36CA8005320D8 /* TempImageCache.swift */ = {isa = PBXFileReference; lastKnownFileType = sourcecode.swift; path = TempImageCache.swift; sourceTree = "<group>"; };
		3355E48F24F3819A006B227F /* ImagePicker.swift */ = {isa = PBXFileReference; lastKnownFileType = sourcecode.swift; path = ImagePicker.swift; sourceTree = "<group>"; };
		3355E49124F4DBBA006B227F /* Profile.swift */ = {isa = PBXFileReference; lastKnownFileType = sourcecode.swift; path = Profile.swift; sourceTree = "<group>"; };
		3355E49324F4DDE3006B227F /* User.swift */ = {isa = PBXFileReference; lastKnownFileType = sourcecode.swift; path = User.swift; sourceTree = "<group>"; };
		3355E49524F4EE94006B227F /* Gyazo.swift */ = {isa = PBXFileReference; lastKnownFileType = sourcecode.swift; path = Gyazo.swift; sourceTree = "<group>"; };
		33865BFC24F1BC14003B3937 /* DashboardCell.swift */ = {isa = PBXFileReference; lastKnownFileType = sourcecode.swift; path = DashboardCell.swift; sourceTree = "<group>"; };
		33865BFE24F2119F003B3937 /* SearchBar.swift */ = {isa = PBXFileReference; lastKnownFileType = sourcecode.swift; path = SearchBar.swift; sourceTree = "<group>"; };
		338CC82A24F9999100B628AB /* DashboardDetailView.swift */ = {isa = PBXFileReference; lastKnownFileType = sourcecode.swift; path = DashboardDetailView.swift; sourceTree = "<group>"; };
		338CC82C24F9B95300B628AB /* StretchyImageModifier.swift */ = {isa = PBXFileReference; lastKnownFileType = sourcecode.swift; path = StretchyImageModifier.swift; sourceTree = "<group>"; };
		338CC82E24F9BCF200B628AB /* DateFormat.swift */ = {isa = PBXFileReference; lastKnownFileType = sourcecode.swift; path = DateFormat.swift; sourceTree = "<group>"; };
		338CC83024FA1F7E00B628AB /* BlurView.swift */ = {isa = PBXFileReference; lastKnownFileType = sourcecode.swift; path = BlurView.swift; sourceTree = "<group>"; };
		33979B7C24F5E02A0013B81F /* App.swift */ = {isa = PBXFileReference; lastKnownFileType = sourcecode.swift; path = App.swift; sourceTree = "<group>"; };
		33B496D924FAE27900B0DED2 /* ShareView.swift */ = {isa = PBXFileReference; lastKnownFileType = sourcecode.swift; path = ShareView.swift; sourceTree = "<group>"; };
		33D623FB24F597170051C3D7 /* UploadOptions.swift */ = {isa = PBXFileReference; lastKnownFileType = sourcecode.swift; path = UploadOptions.swift; sourceTree = "<group>"; };
		33DE872924FB3A8600DFEB85 /* GilmoShareExtension.appex */ = {isa = PBXFileReference; explicitFileType = "wrapper.app-extension"; includeInIndex = 0; path = GilmoShareExtension.appex; sourceTree = BUILT_PRODUCTS_DIR; };
		33DE872B24FB3A8600DFEB85 /* ShareViewController.swift */ = {isa = PBXFileReference; lastKnownFileType = sourcecode.swift; path = ShareViewController.swift; sourceTree = "<group>"; };
		33DE872E24FB3A8600DFEB85 /* Base */ = {isa = PBXFileReference; lastKnownFileType = file.storyboard; name = Base; path = Base.lproj/MainInterface.storyboard; sourceTree = "<group>"; };
		33DE873024FB3A8600DFEB85 /* Info.plist */ = {isa = PBXFileReference; lastKnownFileType = text.plist.xml; path = Info.plist; sourceTree = "<group>"; };
		33DE873824FB412700DFEB85 /* ShareView.swift */ = {isa = PBXFileReference; lastKnownFileType = sourcecode.swift; path = ShareView.swift; sourceTree = "<group>"; };
		33DE874124FB499400DFEB85 /* GilmoShareExtension.entitlements */ = {isa = PBXFileReference; lastKnownFileType = text.plist.entitlements; path = GilmoShareExtension.entitlements; sourceTree = "<group>"; };
		33DE874224FB499C00DFEB85 /* Gyazo.entitlements */ = {isa = PBXFileReference; lastKnownFileType = text.plist.entitlements; path = Gyazo.entitlements; sourceTree = "<group>"; };
		D50E9D0B24501FF6006F0E9A /* Gilmoyazo.app */ = {isa = PBXFileReference; explicitFileType = wrapper.application; includeInIndex = 0; path = Gilmoyazo.app; sourceTree = BUILT_PRODUCTS_DIR; };
		D50E9D1224501FF6006F0E9A /* ContentView.swift */ = {isa = PBXFileReference; lastKnownFileType = sourcecode.swift; path = ContentView.swift; sourceTree = "<group>"; };
		D50E9D1424501FF9006F0E9A /* Assets.xcassets */ = {isa = PBXFileReference; lastKnownFileType = folder.assetcatalog; path = Assets.xcassets; sourceTree = "<group>"; };
		D50E9D1724501FF9006F0E9A /* Preview Assets.xcassets */ = {isa = PBXFileReference; lastKnownFileType = folder.assetcatalog; path = "Preview Assets.xcassets"; sourceTree = "<group>"; };
		D50E9D1C24501FF9006F0E9A /* Info.plist */ = {isa = PBXFileReference; lastKnownFileType = text.plist.xml; path = Info.plist; sourceTree = "<group>"; };
		D50E9D2124501FF9006F0E9A /* GilmoyazoTests.xctest */ = {isa = PBXFileReference; explicitFileType = wrapper.cfbundle; includeInIndex = 0; path = GilmoyazoTests.xctest; sourceTree = BUILT_PRODUCTS_DIR; };
		D50E9D2524501FF9006F0E9A /* GyazoTests.swift */ = {isa = PBXFileReference; lastKnownFileType = sourcecode.swift; path = GyazoTests.swift; sourceTree = "<group>"; };
		D50E9D2724501FF9006F0E9A /* Info.plist */ = {isa = PBXFileReference; lastKnownFileType = text.plist.xml; path = Info.plist; sourceTree = "<group>"; };
		D50E9D302450203D006F0E9A /* API.swift */ = {isa = PBXFileReference; lastKnownFileType = sourcecode.swift; path = API.swift; sourceTree = "<group>"; };
		D50E9D32245024E9006F0E9A /* Network.swift */ = {isa = PBXFileReference; lastKnownFileType = sourcecode.swift; path = Network.swift; sourceTree = "<group>"; };
		D50E9D3724521B58006F0E9A /* OAuth.swift */ = {isa = PBXFileReference; lastKnownFileType = sourcecode.swift; path = OAuth.swift; sourceTree = "<group>"; };
		D50E9D3B245278E4006F0E9A /* LoginInterceptViewController.swift */ = {isa = PBXFileReference; lastKnownFileType = sourcecode.swift; path = LoginInterceptViewController.swift; sourceTree = "<group>"; };
		D50E9D3D245278F1006F0E9A /* LoginIntercept.swift */ = {isa = PBXFileReference; lastKnownFileType = sourcecode.swift; path = LoginIntercept.swift; sourceTree = "<group>"; };
		D50E9D4224535901006F0E9A /* Secure.swift */ = {isa = PBXFileReference; lastKnownFileType = sourcecode.swift; path = Secure.swift; sourceTree = "<group>"; };
		D50E9D4424535DFA006F0E9A /* LoginView.swift */ = {isa = PBXFileReference; lastKnownFileType = sourcecode.swift; path = LoginView.swift; sourceTree = "<group>"; };
		D50E9D46245364B8006F0E9A /* UserSettings.swift */ = {isa = PBXFileReference; lastKnownFileType = sourcecode.swift; path = UserSettings.swift; sourceTree = "<group>"; };
		D50E9D4B2453AC10006F0E9A /* image.json */ = {isa = PBXFileReference; lastKnownFileType = text.json; path = image.json; sourceTree = "<group>"; };
		D50E9D4D2453AC1F006F0E9A /* images.json */ = {isa = PBXFileReference; lastKnownFileType = text.json; path = images.json; sourceTree = "<group>"; };
		D50E9D502453AC9A006F0E9A /* Drop.swift */ = {isa = PBXFileReference; lastKnownFileType = sourcecode.swift; path = Drop.swift; sourceTree = "<group>"; };
/* End PBXFileReference section */

/* Begin PBXFrameworksBuildPhase section */
		33DE872624FB3A8600DFEB85 /* Frameworks */ = {
			isa = PBXFrameworksBuildPhase;
			buildActionMask = 2147483647;
			files = (
				33DE874024FB492400DFEB85 /* KeychainAccess in Frameworks */,
				3340A7A524FC0026003FD9F9 /* Alamofire in Frameworks */,
			);
			runOnlyForDeploymentPostprocessing = 0;
		};
		D50E9D0824501FF6006F0E9A /* Frameworks */ = {
			isa = PBXFrameworksBuildPhase;
			buildActionMask = 2147483647;
			files = (
				3340A7AB24FC3427003FD9F9 /* CloudKit.framework in Frameworks */,
				D50E9D41245358E7006F0E9A /* KeychainAccess in Frameworks */,
				3340A7A324FC001E003FD9F9 /* Alamofire in Frameworks */,
				D50E9D362451D4F0006F0E9A /* OAuth2 in Frameworks */,
				330B520F24F11ABA000D8BAA /* AsyncImage in Frameworks */,
			);
			runOnlyForDeploymentPostprocessing = 0;
		};
		D50E9D1E24501FF9006F0E9A /* Frameworks */ = {
			isa = PBXFrameworksBuildPhase;
			buildActionMask = 2147483647;
			files = (
			);
			runOnlyForDeploymentPostprocessing = 0;
		};
/* End PBXFrameworksBuildPhase section */

/* Begin PBXGroup section */
		33518E2724F36814005320D8 /* Vision */ = {
			isa = PBXGroup;
			children = (
				33518E2824F36820005320D8 /* SqueezeNet.mlmodel */,
				33518E2A24F36854005320D8 /* Vision.swift */,
			);
			path = Vision;
			sourceTree = "<group>";
		};
		33518E2C24F36C8C005320D8 /* AsyncImage */ = {
			isa = PBXGroup;
			children = (
				33518E2D24F36C95005320D8 /* AsyncImage.swift */,
				33518E2F24F36C9F005320D8 /* ImageCacheable.swift */,
				33518E3124F36CA4005320D8 /* ImageLoader.swift */,
				33518E3324F36CA8005320D8 /* TempImageCache.swift */,
			);
			path = AsyncImage;
			sourceTree = "<group>";
		};
		33DE872A24FB3A8600DFEB85 /* GilmoShareExtension */ = {
			isa = PBXGroup;
			children = (
				33DE874124FB499400DFEB85 /* GilmoShareExtension.entitlements */,
				33DE872B24FB3A8600DFEB85 /* ShareViewController.swift */,
				33DE872D24FB3A8600DFEB85 /* MainInterface.storyboard */,
				33DE873024FB3A8600DFEB85 /* Info.plist */,
				33DE873824FB412700DFEB85 /* ShareView.swift */,
			);
			path = GilmoShareExtension;
			sourceTree = "<group>";
		};
		33DE873B24FB46AC00DFEB85 /* Frameworks */ = {
			isa = PBXGroup;
			children = (
				3340A7AA24FC3427003FD9F9 /* CloudKit.framework */,
			);
			name = Frameworks;
			sourceTree = "<group>";
		};
		D50E9D0224501FF6006F0E9A = {
			isa = PBXGroup;
			children = (
				D50E9D0D24501FF6006F0E9A /* Gyazo */,
				D50E9D2424501FF9006F0E9A /* GyazoTests */,
				33DE872A24FB3A8600DFEB85 /* GilmoShareExtension */,
				D50E9D0C24501FF6006F0E9A /* Products */,
				33DE873B24FB46AC00DFEB85 /* Frameworks */,
			);
			sourceTree = "<group>";
		};
		D50E9D0C24501FF6006F0E9A /* Products */ = {
			isa = PBXGroup;
			children = (
				D50E9D0B24501FF6006F0E9A /* Gilmoyazo.app */,
				D50E9D2124501FF9006F0E9A /* GilmoyazoTests.xctest */,
				33DE872924FB3A8600DFEB85 /* GilmoShareExtension.appex */,
			);
			name = Products;
			sourceTree = "<group>";
		};
		D50E9D0D24501FF6006F0E9A /* Gyazo */ = {
			isa = PBXGroup;
			children = (
				33DE874224FB499C00DFEB85 /* Gyazo.entitlements */,
				33518E2724F36814005320D8 /* Vision */,
				D50E9D4F2453AC81006F0E9A /* Model */,
				D50E9D4A2453AC01006F0E9A /* Stubs */,
				D50E9D4824536777006F0E9A /* SwiftUI */,
				D50E9D39245278C3006F0E9A /* UIKit */,
				33979B7C24F5E02A0013B81F /* App.swift */,
				D50E9D1224501FF6006F0E9A /* ContentView.swift */,
				D50E9D1424501FF9006F0E9A /* Assets.xcassets */,
				D50E9D1C24501FF9006F0E9A /* Info.plist */,
				D50E9D1624501FF9006F0E9A /* Preview Content */,
				D50E9D302450203D006F0E9A /* API.swift */,
				D50E9D32245024E9006F0E9A /* Network.swift */,
				D50E9D3724521B58006F0E9A /* OAuth.swift */,
				D50E9D4224535901006F0E9A /* Secure.swift */,
				D50E9D46245364B8006F0E9A /* UserSettings.swift */,
				3355E49524F4EE94006B227F /* Gyazo.swift */,
				3340A7AC24FC5B6E003FD9F9 /* Cloud.swift */,
			);
			path = Gyazo;
			sourceTree = "<group>";
		};
		D50E9D1624501FF9006F0E9A /* Preview Content */ = {
			isa = PBXGroup;
			children = (
				D50E9D1724501FF9006F0E9A /* Preview Assets.xcassets */,
			);
			path = "Preview Content";
			sourceTree = "<group>";
		};
		D50E9D2424501FF9006F0E9A /* GyazoTests */ = {
			isa = PBXGroup;
			children = (
				D50E9D2524501FF9006F0E9A /* GyazoTests.swift */,
				D50E9D2724501FF9006F0E9A /* Info.plist */,
			);
			path = GyazoTests;
			sourceTree = "<group>";
		};
		D50E9D39245278C3006F0E9A /* UIKit */ = {
			isa = PBXGroup;
			children = (
				D50E9D3A245278C8006F0E9A /* Controllers */,
				D50E9D3D245278F1006F0E9A /* LoginIntercept.swift */,
				334F0D3524F56C9B003EB8EF /* UIApplication+.swift */,
				338CC82E24F9BCF200B628AB /* DateFormat.swift */,
				338CC83024FA1F7E00B628AB /* BlurView.swift */,
				33B496D924FAE27900B0DED2 /* ShareView.swift */,
			);
			path = UIKit;
			sourceTree = "<group>";
		};
		D50E9D3A245278C8006F0E9A /* Controllers */ = {
			isa = PBXGroup;
			children = (
				D50E9D3B245278E4006F0E9A /* LoginInterceptViewController.swift */,
			);
			path = Controllers;
			sourceTree = "<group>";
		};
		D50E9D4824536777006F0E9A /* SwiftUI */ = {
			isa = PBXGroup;
			children = (
				33518E2C24F36C8C005320D8 /* AsyncImage */,
				D50E9D492453677D006F0E9A /* Login */,
				330B521024F1261D000D8BAA /* ListSeparatorStyleNoneModifier.swift */,
				33865BFC24F1BC14003B3937 /* DashboardCell.swift */,
				33865BFE24F2119F003B3937 /* SearchBar.swift */,
				33518E2524F2E6E3005320D8 /* Grid.swift */,
				3355E48F24F3819A006B227F /* ImagePicker.swift */,
				3355E49124F4DBBA006B227F /* Profile.swift */,
				338CC82A24F9999100B628AB /* DashboardDetailView.swift */,
				33D623FB24F597170051C3D7 /* UploadOptions.swift */,
				338CC82C24F9B95300B628AB /* StretchyImageModifier.swift */,
				33384D8224FAD8D300F0266A /* SelectedImageView.swift */,
			);
			path = SwiftUI;
			sourceTree = "<group>";
		};
		D50E9D492453677D006F0E9A /* Login */ = {
			isa = PBXGroup;
			children = (
				D50E9D4424535DFA006F0E9A /* LoginView.swift */,
			);
			path = Login;
			sourceTree = "<group>";
		};
		D50E9D4A2453AC01006F0E9A /* Stubs */ = {
			isa = PBXGroup;
			children = (
				D50E9D4B2453AC10006F0E9A /* image.json */,
				D50E9D4D2453AC1F006F0E9A /* images.json */,
			);
			path = Stubs;
			sourceTree = "<group>";
		};
		D50E9D4F2453AC81006F0E9A /* Model */ = {
			isa = PBXGroup;
			children = (
				D50E9D502453AC9A006F0E9A /* Drop.swift */,
				3355E49324F4DDE3006B227F /* User.swift */,
				3340A7A724FC1E7D003FD9F9 /* ImageResponse.swift */,
			);
			path = Model;
			sourceTree = "<group>";
		};
/* End PBXGroup section */

/* Begin PBXNativeTarget section */
		33DE872824FB3A8600DFEB85 /* GilmoShareExtension */ = {
			isa = PBXNativeTarget;
			buildConfigurationList = 33DE873724FB3A8600DFEB85 /* Build configuration list for PBXNativeTarget "GilmoShareExtension" */;
			buildPhases = (
				33DE872524FB3A8600DFEB85 /* Sources */,
				33DE872624FB3A8600DFEB85 /* Frameworks */,
				33DE872724FB3A8600DFEB85 /* Resources */,
			);
			buildRules = (
			);
			dependencies = (
			);
			name = GilmoShareExtension;
			packageProductDependencies = (
				33DE873F24FB492400DFEB85 /* KeychainAccess */,
				3340A7A424FC0026003FD9F9 /* Alamofire */,
			);
			productName = GilmoShareExtension;
			productReference = 33DE872924FB3A8600DFEB85 /* GilmoShareExtension.appex */;
			productType = "com.apple.product-type.app-extension";
		};
		D50E9D0A24501FF6006F0E9A /* Gilmoyazo */ = {
			isa = PBXNativeTarget;
			buildConfigurationList = D50E9D2A24501FF9006F0E9A /* Build configuration list for PBXNativeTarget "Gilmoyazo" */;
			buildPhases = (
				D50E9D0724501FF6006F0E9A /* Sources */,
				D50E9D0824501FF6006F0E9A /* Frameworks */,
				D50E9D0924501FF6006F0E9A /* Resources */,
				33DE873424FB3A8600DFEB85 /* Embed App Extensions */,
			);
			buildRules = (
			);
			dependencies = (
				33DE873224FB3A8600DFEB85 /* PBXTargetDependency */,
			);
			name = Gilmoyazo;
			packageProductDependencies = (
				D50E9D352451D4F0006F0E9A /* OAuth2 */,
				D50E9D40245358E7006F0E9A /* KeychainAccess */,
				330B520E24F11ABA000D8BAA /* AsyncImage */,
				3340A7A224FC001E003FD9F9 /* Alamofire */,
			);
			productName = Gyazo;
			productReference = D50E9D0B24501FF6006F0E9A /* Gilmoyazo.app */;
			productType = "com.apple.product-type.application";
		};
		D50E9D2024501FF9006F0E9A /* GilmoyazoTests */ = {
			isa = PBXNativeTarget;
			buildConfigurationList = D50E9D2D24501FF9006F0E9A /* Build configuration list for PBXNativeTarget "GilmoyazoTests" */;
			buildPhases = (
				D50E9D1D24501FF9006F0E9A /* Sources */,
				D50E9D1E24501FF9006F0E9A /* Frameworks */,
				D50E9D1F24501FF9006F0E9A /* Resources */,
			);
			buildRules = (
			);
			dependencies = (
				D50E9D2324501FF9006F0E9A /* PBXTargetDependency */,
			);
			name = GilmoyazoTests;
			productName = GyazoTests;
			productReference = D50E9D2124501FF9006F0E9A /* GilmoyazoTests.xctest */;
			productType = "com.apple.product-type.bundle.unit-test";
		};
/* End PBXNativeTarget section */

/* Begin PBXProject section */
		D50E9D0324501FF6006F0E9A /* Project object */ = {
			isa = PBXProject;
			attributes = {
				LastSwiftUpdateCheck = 1200;
				LastUpgradeCheck = 1130;
				ORGANIZATIONNAME = "Markim Shaw";
				TargetAttributes = {
					33DE872824FB3A8600DFEB85 = {
						CreatedOnToolsVersion = 12.0;
					};
					D50E9D0A24501FF6006F0E9A = {
						CreatedOnToolsVersion = 11.3;
					};
					D50E9D2024501FF9006F0E9A = {
						CreatedOnToolsVersion = 11.3;
						TestTargetID = D50E9D0A24501FF6006F0E9A;
					};
				};
			};
			buildConfigurationList = D50E9D0624501FF6006F0E9A /* Build configuration list for PBXProject "Gilmo" */;
			compatibilityVersion = "Xcode 9.3";
			developmentRegion = en;
			hasScannedForEncodings = 0;
			knownRegions = (
				en,
				Base,
			);
			mainGroup = D50E9D0224501FF6006F0E9A;
			packageReferences = (
				D50E9D342451D4F0006F0E9A /* XCRemoteSwiftPackageReference "Oauth2" */,
				D50E9D3F245358E7006F0E9A /* XCRemoteSwiftPackageReference "KeychainAccess" */,
				330B520D24F11ABA000D8BAA /* XCRemoteSwiftPackageReference "AsyncImage" */,
				3340A7A124FC001E003FD9F9 /* XCRemoteSwiftPackageReference "Alamofire" */,
			);
			productRefGroup = D50E9D0C24501FF6006F0E9A /* Products */;
			projectDirPath = "";
			projectRoot = "";
			targets = (
				D50E9D0A24501FF6006F0E9A /* Gilmoyazo */,
				D50E9D2024501FF9006F0E9A /* GilmoyazoTests */,
				33DE872824FB3A8600DFEB85 /* GilmoShareExtension */,
			);
		};
/* End PBXProject section */

/* Begin PBXResourcesBuildPhase section */
		33DE872724FB3A8600DFEB85 /* Resources */ = {
			isa = PBXResourcesBuildPhase;
			buildActionMask = 2147483647;
			files = (
				3340A7A624FC0597003FD9F9 /* Assets.xcassets in Resources */,
				33DE872F24FB3A8600DFEB85 /* MainInterface.storyboard in Resources */,
			);
			runOnlyForDeploymentPostprocessing = 0;
		};
		D50E9D0924501FF6006F0E9A /* Resources */ = {
			isa = PBXResourcesBuildPhase;
			buildActionMask = 2147483647;
			files = (
				D50E9D4C2453AC10006F0E9A /* image.json in Resources */,
				D50E9D4E2453AC1F006F0E9A /* images.json in Resources */,
				D50E9D1824501FF9006F0E9A /* Preview Assets.xcassets in Resources */,
				D50E9D1524501FF9006F0E9A /* Assets.xcassets in Resources */,
			);
			runOnlyForDeploymentPostprocessing = 0;
		};
		D50E9D1F24501FF9006F0E9A /* Resources */ = {
			isa = PBXResourcesBuildPhase;
			buildActionMask = 2147483647;
			files = (
			);
			runOnlyForDeploymentPostprocessing = 0;
		};
/* End PBXResourcesBuildPhase section */

/* Begin PBXSourcesBuildPhase section */
		33DE872524FB3A8600DFEB85 /* Sources */ = {
			isa = PBXSourcesBuildPhase;
			buildActionMask = 2147483647;
			files = (
				33DE874424FB5E8F00DFEB85 /* Gyazo.swift in Sources */,
				33DE873924FB412700DFEB85 /* ShareView.swift in Sources */,
				3340A7A924FC1E84003FD9F9 /* ImageResponse.swift in Sources */,
				33DE874524FB600D00DFEB85 /* Drop.swift in Sources */,
				33DE873E24FB491C00DFEB85 /* Secure.swift in Sources */,
				3340A7AE24FC5B6E003FD9F9 /* Cloud.swift in Sources */,
				33DE874324FB5E8700DFEB85 /* Network.swift in Sources */,
				33DE872C24FB3A8600DFEB85 /* ShareViewController.swift in Sources */,
			);
			runOnlyForDeploymentPostprocessing = 0;
		};
		D50E9D0724501FF6006F0E9A /* Sources */ = {
			isa = PBXSourcesBuildPhase;
			buildActionMask = 2147483647;
			files = (
				33865BFD24F1BC14003B3937 /* DashboardCell.swift in Sources */,
				3355E49224F4DBBA006B227F /* Profile.swift in Sources */,
				33518E2924F36820005320D8 /* SqueezeNet.mlmodel in Sources */,
				33979B7D24F5E02A0013B81F /* App.swift in Sources */,
				338CC82D24F9B95300B628AB /* StretchyImageModifier.swift in Sources */,
				3355E49424F4DDE3006B227F /* User.swift in Sources */,
				D50E9D33245024E9006F0E9A /* Network.swift in Sources */,
				33865BFF24F2119F003B3937 /* SearchBar.swift in Sources */,
				338CC82F24F9BCF200B628AB /* DateFormat.swift in Sources */,
				33518E3424F36CA8005320D8 /* TempImageCache.swift in Sources */,
				330B521124F1261D000D8BAA /* ListSeparatorStyleNoneModifier.swift in Sources */,
				33518E3024F36C9F005320D8 /* ImageCacheable.swift in Sources */,
				D50E9D512453AC9A006F0E9A /* Drop.swift in Sources */,
				D50E9D3824521B58006F0E9A /* OAuth.swift in Sources */,
				D50E9D312450203D006F0E9A /* API.swift in Sources */,
				334F0D3624F56C9B003EB8EF /* UIApplication+.swift in Sources */,
				338CC83124FA1F7E00B628AB /* BlurView.swift in Sources */,
				338CC82B24F9999100B628AB /* DashboardDetailView.swift in Sources */,
				3340A7A824FC1E7D003FD9F9 /* ImageResponse.swift in Sources */,
				33D623FC24F597170051C3D7 /* UploadOptions.swift in Sources */,
				3355E49624F4EE94006B227F /* Gyazo.swift in Sources */,
				D50E9D4324535901006F0E9A /* Secure.swift in Sources */,
				3355E49024F3819A006B227F /* ImagePicker.swift in Sources */,
				D50E9D3C245278E4006F0E9A /* LoginInterceptViewController.swift in Sources */,
				33518E2624F2E6E3005320D8 /* Grid.swift in Sources */,
				3340A7AD24FC5B6E003FD9F9 /* Cloud.swift in Sources */,
				33B496DA24FAE27900B0DED2 /* ShareView.swift in Sources */,
				33518E3224F36CA4005320D8 /* ImageLoader.swift in Sources */,
				33384D8324FAD8D300F0266A /* SelectedImageView.swift in Sources */,
				D50E9D3E245278F1006F0E9A /* LoginIntercept.swift in Sources */,
				D50E9D4524535DFA006F0E9A /* LoginView.swift in Sources */,
				33518E2E24F36C95005320D8 /* AsyncImage.swift in Sources */,
				33518E2B24F36854005320D8 /* Vision.swift in Sources */,
				D50E9D1324501FF6006F0E9A /* ContentView.swift in Sources */,
				D50E9D47245364B8006F0E9A /* UserSettings.swift in Sources */,
			);
			runOnlyForDeploymentPostprocessing = 0;
		};
		D50E9D1D24501FF9006F0E9A /* Sources */ = {
			isa = PBXSourcesBuildPhase;
			buildActionMask = 2147483647;
			files = (
				D50E9D2624501FF9006F0E9A /* GyazoTests.swift in Sources */,
			);
			runOnlyForDeploymentPostprocessing = 0;
		};
/* End PBXSourcesBuildPhase section */

/* Begin PBXTargetDependency section */
		33DE873224FB3A8600DFEB85 /* PBXTargetDependency */ = {
			isa = PBXTargetDependency;
			target = 33DE872824FB3A8600DFEB85 /* GilmoShareExtension */;
			targetProxy = 33DE873124FB3A8600DFEB85 /* PBXContainerItemProxy */;
		};
		D50E9D2324501FF9006F0E9A /* PBXTargetDependency */ = {
			isa = PBXTargetDependency;
			target = D50E9D0A24501FF6006F0E9A /* Gilmoyazo */;
			targetProxy = D50E9D2224501FF9006F0E9A /* PBXContainerItemProxy */;
		};
/* End PBXTargetDependency section */

/* Begin PBXVariantGroup section */
		33DE872D24FB3A8600DFEB85 /* MainInterface.storyboard */ = {
			isa = PBXVariantGroup;
			children = (
				33DE872E24FB3A8600DFEB85 /* Base */,
			);
			name = MainInterface.storyboard;
			sourceTree = "<group>";
		};
/* End PBXVariantGroup section */

/* Begin XCBuildConfiguration section */
		33DE873524FB3A8600DFEB85 /* Debug */ = {
			isa = XCBuildConfiguration;
			buildSettings = {
				CLANG_WARN_QUOTED_INCLUDE_IN_FRAMEWORK_HEADER = YES;
				CODE_SIGN_ENTITLEMENTS = GilmoShareExtension/GilmoShareExtension.entitlements;
				CODE_SIGN_STYLE = Automatic;
				DEVELOPMENT_TEAM = 2W3P634BS8;
				INFOPLIST_FILE = GilmoShareExtension/Info.plist;
				IPHONEOS_DEPLOYMENT_TARGET = 14.0;
				LD_RUNPATH_SEARCH_PATHS = (
					"$(inherited)",
					"@executable_path/Frameworks",
					"@executable_path/../../Frameworks",
				);
				PRODUCT_BUNDLE_IDENTIFIER = com.donderapps.Gyazo.GilmoShareExtension;
				PRODUCT_NAME = "$(TARGET_NAME)";
				SKIP_INSTALL = YES;
				SWIFT_VERSION = 5.0;
				TARGETED_DEVICE_FAMILY = "1,2";
			};
			name = Debug;
		};
		33DE873624FB3A8600DFEB85 /* Release */ = {
			isa = XCBuildConfiguration;
			buildSettings = {
				CLANG_WARN_QUOTED_INCLUDE_IN_FRAMEWORK_HEADER = YES;
				CODE_SIGN_ENTITLEMENTS = GilmoShareExtension/GilmoShareExtension.entitlements;
				CODE_SIGN_STYLE = Automatic;
				DEVELOPMENT_TEAM = 2W3P634BS8;
				INFOPLIST_FILE = GilmoShareExtension/Info.plist;
				IPHONEOS_DEPLOYMENT_TARGET = 14.0;
				LD_RUNPATH_SEARCH_PATHS = (
					"$(inherited)",
					"@executable_path/Frameworks",
					"@executable_path/../../Frameworks",
				);
				PRODUCT_BUNDLE_IDENTIFIER = com.donderapps.Gyazo.GilmoShareExtension;
				PRODUCT_NAME = "$(TARGET_NAME)";
				SKIP_INSTALL = YES;
				SWIFT_VERSION = 5.0;
				TARGETED_DEVICE_FAMILY = "1,2";
			};
			name = Release;
		};
		D50E9D2824501FF9006F0E9A /* Debug */ = {
			isa = XCBuildConfiguration;
			buildSettings = {
				ALWAYS_SEARCH_USER_PATHS = NO;
				CLANG_ANALYZER_NONNULL = YES;
				CLANG_ANALYZER_NUMBER_OBJECT_CONVERSION = YES_AGGRESSIVE;
				CLANG_CXX_LANGUAGE_STANDARD = "gnu++14";
				CLANG_CXX_LIBRARY = "libc++";
				CLANG_ENABLE_MODULES = YES;
				CLANG_ENABLE_OBJC_ARC = YES;
				CLANG_ENABLE_OBJC_WEAK = YES;
				CLANG_WARN_BLOCK_CAPTURE_AUTORELEASING = YES;
				CLANG_WARN_BOOL_CONVERSION = YES;
				CLANG_WARN_COMMA = YES;
				CLANG_WARN_CONSTANT_CONVERSION = YES;
				CLANG_WARN_DEPRECATED_OBJC_IMPLEMENTATIONS = YES;
				CLANG_WARN_DIRECT_OBJC_ISA_USAGE = YES_ERROR;
				CLANG_WARN_DOCUMENTATION_COMMENTS = YES;
				CLANG_WARN_EMPTY_BODY = YES;
				CLANG_WARN_ENUM_CONVERSION = YES;
				CLANG_WARN_INFINITE_RECURSION = YES;
				CLANG_WARN_INT_CONVERSION = YES;
				CLANG_WARN_NON_LITERAL_NULL_CONVERSION = YES;
				CLANG_WARN_OBJC_IMPLICIT_RETAIN_SELF = YES;
				CLANG_WARN_OBJC_LITERAL_CONVERSION = YES;
				CLANG_WARN_OBJC_ROOT_CLASS = YES_ERROR;
				CLANG_WARN_RANGE_LOOP_ANALYSIS = YES;
				CLANG_WARN_STRICT_PROTOTYPES = YES;
				CLANG_WARN_SUSPICIOUS_MOVE = YES;
				CLANG_WARN_UNGUARDED_AVAILABILITY = YES_AGGRESSIVE;
				CLANG_WARN_UNREACHABLE_CODE = YES;
				CLANG_WARN__DUPLICATE_METHOD_MATCH = YES;
				COPY_PHASE_STRIP = NO;
				DEBUG_INFORMATION_FORMAT = dwarf;
				ENABLE_STRICT_OBJC_MSGSEND = YES;
				ENABLE_TESTABILITY = YES;
				GCC_C_LANGUAGE_STANDARD = gnu11;
				GCC_DYNAMIC_NO_PIC = NO;
				GCC_NO_COMMON_BLOCKS = YES;
				GCC_OPTIMIZATION_LEVEL = 0;
				GCC_PREPROCESSOR_DEFINITIONS = (
					"DEBUG=1",
					"$(inherited)",
				);
				GCC_WARN_64_TO_32_BIT_CONVERSION = YES;
				GCC_WARN_ABOUT_RETURN_TYPE = YES_ERROR;
				GCC_WARN_UNDECLARED_SELECTOR = YES;
				GCC_WARN_UNINITIALIZED_AUTOS = YES_AGGRESSIVE;
				GCC_WARN_UNUSED_FUNCTION = YES;
				GCC_WARN_UNUSED_VARIABLE = YES;
				IPHONEOS_DEPLOYMENT_TARGET = 13.2;
				MTL_ENABLE_DEBUG_INFO = INCLUDE_SOURCE;
				MTL_FAST_MATH = YES;
				ONLY_ACTIVE_ARCH = YES;
				SDKROOT = iphoneos;
				SWIFT_ACTIVE_COMPILATION_CONDITIONS = DEBUG;
				SWIFT_OPTIMIZATION_LEVEL = "-Onone";
			};
			name = Debug;
		};
		D50E9D2924501FF9006F0E9A /* Release */ = {
			isa = XCBuildConfiguration;
			buildSettings = {
				ALWAYS_SEARCH_USER_PATHS = NO;
				CLANG_ANALYZER_NONNULL = YES;
				CLANG_ANALYZER_NUMBER_OBJECT_CONVERSION = YES_AGGRESSIVE;
				CLANG_CXX_LANGUAGE_STANDARD = "gnu++14";
				CLANG_CXX_LIBRARY = "libc++";
				CLANG_ENABLE_MODULES = YES;
				CLANG_ENABLE_OBJC_ARC = YES;
				CLANG_ENABLE_OBJC_WEAK = YES;
				CLANG_WARN_BLOCK_CAPTURE_AUTORELEASING = YES;
				CLANG_WARN_BOOL_CONVERSION = YES;
				CLANG_WARN_COMMA = YES;
				CLANG_WARN_CONSTANT_CONVERSION = YES;
				CLANG_WARN_DEPRECATED_OBJC_IMPLEMENTATIONS = YES;
				CLANG_WARN_DIRECT_OBJC_ISA_USAGE = YES_ERROR;
				CLANG_WARN_DOCUMENTATION_COMMENTS = YES;
				CLANG_WARN_EMPTY_BODY = YES;
				CLANG_WARN_ENUM_CONVERSION = YES;
				CLANG_WARN_INFINITE_RECURSION = YES;
				CLANG_WARN_INT_CONVERSION = YES;
				CLANG_WARN_NON_LITERAL_NULL_CONVERSION = YES;
				CLANG_WARN_OBJC_IMPLICIT_RETAIN_SELF = YES;
				CLANG_WARN_OBJC_LITERAL_CONVERSION = YES;
				CLANG_WARN_OBJC_ROOT_CLASS = YES_ERROR;
				CLANG_WARN_RANGE_LOOP_ANALYSIS = YES;
				CLANG_WARN_STRICT_PROTOTYPES = YES;
				CLANG_WARN_SUSPICIOUS_MOVE = YES;
				CLANG_WARN_UNGUARDED_AVAILABILITY = YES_AGGRESSIVE;
				CLANG_WARN_UNREACHABLE_CODE = YES;
				CLANG_WARN__DUPLICATE_METHOD_MATCH = YES;
				COPY_PHASE_STRIP = NO;
				DEBUG_INFORMATION_FORMAT = "dwarf-with-dsym";
				ENABLE_NS_ASSERTIONS = NO;
				ENABLE_STRICT_OBJC_MSGSEND = YES;
				GCC_C_LANGUAGE_STANDARD = gnu11;
				GCC_NO_COMMON_BLOCKS = YES;
				GCC_WARN_64_TO_32_BIT_CONVERSION = YES;
				GCC_WARN_ABOUT_RETURN_TYPE = YES_ERROR;
				GCC_WARN_UNDECLARED_SELECTOR = YES;
				GCC_WARN_UNINITIALIZED_AUTOS = YES_AGGRESSIVE;
				GCC_WARN_UNUSED_FUNCTION = YES;
				GCC_WARN_UNUSED_VARIABLE = YES;
				IPHONEOS_DEPLOYMENT_TARGET = 13.2;
				MTL_ENABLE_DEBUG_INFO = NO;
				MTL_FAST_MATH = YES;
				SDKROOT = iphoneos;
				SWIFT_COMPILATION_MODE = wholemodule;
				SWIFT_OPTIMIZATION_LEVEL = "-O";
				VALIDATE_PRODUCT = YES;
			};
			name = Release;
		};
		D50E9D2B24501FF9006F0E9A /* Debug */ = {
			isa = XCBuildConfiguration;
			buildSettings = {
				ALWAYS_EMBED_SWIFT_STANDARD_LIBRARIES = YES;
				ASSETCATALOG_COMPILER_APPICON_NAME = AppIcon;
				CODE_SIGN_ENTITLEMENTS = Gyazo/Gyazo.entitlements;
				CODE_SIGN_STYLE = Automatic;
				DEVELOPMENT_ASSET_PATHS = "\"Gyazo/Preview Content\"";
				DEVELOPMENT_TEAM = 2W3P634BS8;
				ENABLE_PREVIEWS = YES;
				INFOPLIST_FILE = Gyazo/Info.plist;
				IPHONEOS_DEPLOYMENT_TARGET = 14.0;
				LD_RUNPATH_SEARCH_PATHS = (
					"$(inherited)",
					"@executable_path/Frameworks",
				);
				PRODUCT_BUNDLE_IDENTIFIER = com.donderapps.Gyazo;
				PRODUCT_NAME = "$(TARGET_NAME)";
				SWIFT_VERSION = 5.0;
				TARGETED_DEVICE_FAMILY = 1;
			};
			name = Debug;
		};
		D50E9D2C24501FF9006F0E9A /* Release */ = {
			isa = XCBuildConfiguration;
			buildSettings = {
				ALWAYS_EMBED_SWIFT_STANDARD_LIBRARIES = YES;
				ASSETCATALOG_COMPILER_APPICON_NAME = AppIcon;
				CODE_SIGN_ENTITLEMENTS = Gyazo/Gyazo.entitlements;
				CODE_SIGN_STYLE = Automatic;
				DEVELOPMENT_ASSET_PATHS = "\"Gyazo/Preview Content\"";
				DEVELOPMENT_TEAM = 2W3P634BS8;
				ENABLE_PREVIEWS = YES;
				INFOPLIST_FILE = Gyazo/Info.plist;
				IPHONEOS_DEPLOYMENT_TARGET = 14.0;
				LD_RUNPATH_SEARCH_PATHS = (
					"$(inherited)",
					"@executable_path/Frameworks",
				);
				PRODUCT_BUNDLE_IDENTIFIER = com.donderapps.Gyazo;
				PRODUCT_NAME = "$(TARGET_NAME)";
				SWIFT_VERSION = 5.0;
				TARGETED_DEVICE_FAMILY = 1;
			};
			name = Release;
		};
		D50E9D2E24501FF9006F0E9A /* Debug */ = {
			isa = XCBuildConfiguration;
			buildSettings = {
				ALWAYS_EMBED_SWIFT_STANDARD_LIBRARIES = YES;
				BUNDLE_LOADER = "$(TEST_HOST)";
				CODE_SIGN_STYLE = Automatic;
				INFOPLIST_FILE = GyazoTests/Info.plist;
				IPHONEOS_DEPLOYMENT_TARGET = 13.2;
				LD_RUNPATH_SEARCH_PATHS = (
					"$(inherited)",
					"@executable_path/Frameworks",
					"@loader_path/Frameworks",
				);
				PRODUCT_BUNDLE_IDENTIFIER = com.donderapps.GyazoTests;
				PRODUCT_NAME = "$(TARGET_NAME)";
				SWIFT_VERSION = 5.0;
				TARGETED_DEVICE_FAMILY = "1,2";
				TEST_HOST = "$(BUILT_PRODUCTS_DIR)/Gilmoyazo.app/Gilmoyazo";
			};
			name = Debug;
		};
		D50E9D2F24501FF9006F0E9A /* Release */ = {
			isa = XCBuildConfiguration;
			buildSettings = {
				ALWAYS_EMBED_SWIFT_STANDARD_LIBRARIES = YES;
				BUNDLE_LOADER = "$(TEST_HOST)";
				CODE_SIGN_STYLE = Automatic;
				INFOPLIST_FILE = GyazoTests/Info.plist;
				IPHONEOS_DEPLOYMENT_TARGET = 13.2;
				LD_RUNPATH_SEARCH_PATHS = (
					"$(inherited)",
					"@executable_path/Frameworks",
					"@loader_path/Frameworks",
				);
				PRODUCT_BUNDLE_IDENTIFIER = com.donderapps.GyazoTests;
				PRODUCT_NAME = "$(TARGET_NAME)";
				SWIFT_VERSION = 5.0;
				TARGETED_DEVICE_FAMILY = "1,2";
				TEST_HOST = "$(BUILT_PRODUCTS_DIR)/Gilmoyazo.app/Gilmoyazo";
			};
			name = Release;
		};
/* End XCBuildConfiguration section */

/* Begin XCConfigurationList section */
		33DE873724FB3A8600DFEB85 /* Build configuration list for PBXNativeTarget "GilmoShareExtension" */ = {
			isa = XCConfigurationList;
			buildConfigurations = (
				33DE873524FB3A8600DFEB85 /* Debug */,
				33DE873624FB3A8600DFEB85 /* Release */,
			);
			defaultConfigurationIsVisible = 0;
			defaultConfigurationName = Release;
		};
		D50E9D0624501FF6006F0E9A /* Build configuration list for PBXProject "Gilmo" */ = {
			isa = XCConfigurationList;
			buildConfigurations = (
				D50E9D2824501FF9006F0E9A /* Debug */,
				D50E9D2924501FF9006F0E9A /* Release */,
			);
			defaultConfigurationIsVisible = 0;
			defaultConfigurationName = Release;
		};
		D50E9D2A24501FF9006F0E9A /* Build configuration list for PBXNativeTarget "Gilmoyazo" */ = {
			isa = XCConfigurationList;
			buildConfigurations = (
				D50E9D2B24501FF9006F0E9A /* Debug */,
				D50E9D2C24501FF9006F0E9A /* Release */,
			);
			defaultConfigurationIsVisible = 0;
			defaultConfigurationName = Release;
		};
		D50E9D2D24501FF9006F0E9A /* Build configuration list for PBXNativeTarget "GilmoyazoTests" */ = {
			isa = XCConfigurationList;
			buildConfigurations = (
				D50E9D2E24501FF9006F0E9A /* Debug */,
				D50E9D2F24501FF9006F0E9A /* Release */,
			);
			defaultConfigurationIsVisible = 0;
			defaultConfigurationName = Release;
		};
/* End XCConfigurationList section */

/* Begin XCRemoteSwiftPackageReference section */
		330B520D24F11ABA000D8BAA /* XCRemoteSwiftPackageReference "AsyncImage" */ = {
			isa = XCRemoteSwiftPackageReference;
			repositoryURL = "https://github.com/Eyesofbanquo/AsyncImage";
			requirement = {
				kind = upToNextMajorVersion;
				minimumVersion = 1.0.0;
			};
		};
		3340A7A124FC001E003FD9F9 /* XCRemoteSwiftPackageReference "Alamofire" */ = {
			isa = XCRemoteSwiftPackageReference;
			repositoryURL = "https://github.com/Alamofire/Alamofire";
			requirement = {
				kind = upToNextMajorVersion;
				minimumVersion = 5.2.2;
			};
		};
		D50E9D342451D4F0006F0E9A /* XCRemoteSwiftPackageReference "Oauth2" */ = {
			isa = XCRemoteSwiftPackageReference;
			repositoryURL = "https://github.com/p2/Oauth2";
			requirement = {
				kind = upToNextMajorVersion;
				minimumVersion = 5.2.0;
			};
		};
		D50E9D3F245358E7006F0E9A /* XCRemoteSwiftPackageReference "KeychainAccess" */ = {
			isa = XCRemoteSwiftPackageReference;
			repositoryURL = "https://github.com/kishikawakatsumi/KeychainAccess";
			requirement = {
				kind = upToNextMajorVersion;
				minimumVersion = 4.1.0;
			};
		};
/* End XCRemoteSwiftPackageReference section */

/* Begin XCSwiftPackageProductDependency section */
		330B520E24F11ABA000D8BAA /* AsyncImage */ = {
			isa = XCSwiftPackageProductDependency;
			package = 330B520D24F11ABA000D8BAA /* XCRemoteSwiftPackageReference "AsyncImage" */;
			productName = AsyncImage;
		};
		3340A7A224FC001E003FD9F9 /* Alamofire */ = {
			isa = XCSwiftPackageProductDependency;
			package = 3340A7A124FC001E003FD9F9 /* XCRemoteSwiftPackageReference "Alamofire" */;
			productName = Alamofire;
		};
		3340A7A424FC0026003FD9F9 /* Alamofire */ = {
			isa = XCSwiftPackageProductDependency;
			package = 3340A7A124FC001E003FD9F9 /* XCRemoteSwiftPackageReference "Alamofire" */;
			productName = Alamofire;
		};
		33DE873F24FB492400DFEB85 /* KeychainAccess */ = {
			isa = XCSwiftPackageProductDependency;
			package = D50E9D3F245358E7006F0E9A /* XCRemoteSwiftPackageReference "KeychainAccess" */;
			productName = KeychainAccess;
		};
		D50E9D352451D4F0006F0E9A /* OAuth2 */ = {
			isa = XCSwiftPackageProductDependency;
			package = D50E9D342451D4F0006F0E9A /* XCRemoteSwiftPackageReference "Oauth2" */;
			productName = OAuth2;
		};
		D50E9D40245358E7006F0E9A /* KeychainAccess */ = {
			isa = XCSwiftPackageProductDependency;
			package = D50E9D3F245358E7006F0E9A /* XCRemoteSwiftPackageReference "KeychainAccess" */;
			productName = KeychainAccess;
		};
/* End XCSwiftPackageProductDependency section */
	};
	rootObject = D50E9D0324501FF6006F0E9A /* Project object */;
}
